
Microsoft Visual Studio Solution File, Format Version 12.00
# Visual Studio 15
VisualStudioVersion = 15.0.27130.0
MinimumVisualStudioVersion = 10.0.40219.1
Project("{FAE04EC0-301F-11D3-BF4B-00C04F79EFBC}") = "DAL", "DAL\DAL.csproj", "{C502E270-4966-431A-9B82-5937C6FA3BC6}"
EndProject
Project("{FAE04EC0-301F-11D3-BF4B-00C04F79EFBC}") = "Site", "Site\Site.csproj", "{4CF73292-E101-4D67-AC11-D578B540C1D9}"
EndProject
Global
	GlobalSection(SolutionConfigurationPlatforms) = preSolution
		Debug|Any CPU = Debug|Any CPU
		Release|Any CPU = Release|Any CPU
	EndGlobalSection
	GlobalSection(ProjectConfigurationPlatforms) = postSolution
		{C502E270-4966-431A-9B82-5937C6FA3BC6}.Debug|Any CPU.ActiveCfg = Debug|Any CPU
		{C502E270-4966-431A-9B82-5937C6FA3BC6}.Debug|Any CPU.Build.0 = Debug|Any CPU
		{C502E270-4966-431A-9B82-5937C6FA3BC6}.Release|Any CPU.ActiveCfg = Release|Any CPU
		{C502E270-4966-431A-9B82-5937C6FA3BC6}.Release|Any CPU.Build.0 = Release|Any CPU
		{4CF73292-E101-4D67-AC11-D578B540C1D9}.Debug|Any CPU.ActiveCfg = Debug|Any CPU
		{4CF73292-E101-4D67-AC11-D578B540C1D9}.Debug|Any CPU.Build.0 = Debug|Any CPU
		{4CF73292-E101-4D67-AC11-D578B540C1D9}.Release|Any CPU.ActiveCfg = Release|Any CPU
		{4CF73292-E101-4D67-AC11-D578B540C1D9}.Release|Any CPU.Build.0 = Release|Any CPU
	EndGlobalSection
	GlobalSection(SolutionProperties) = preSolution
		HideSolutionNode = FALSE
	EndGlobalSection
	GlobalSection(ExtensibilityGlobals) = postSolution
		SolutionGuid = {46CA0A73-E38D-47AB-831E-9978F22F088A}
	EndGlobalSection
EndGlobal
